{
  "version": 4,
  "terraform_version": "1.4.2",
  "serial": 278,
  "lineage": "94562af4-bdbc-b03b-5158-764c351de151",
  "outputs": {},
  "resources": [
    {
      "mode": "data",
      "type": "aws_iam_policy_document",
      "name": "ecs-trust",
      "provider": "provider[\"registry.terraform.io/hashicorp/aws\"]",
      "instances": [
        {
          "schema_version": 0,
          "attributes": {
            "id": "2692345412",
            "json": "{\n  \"Version\": \"2012-10-17\",\n  \"Statement\": [\n    {\n      \"Sid\": \"ECSTrustPolicy\",\n      \"Effect\": \"Allow\",\n      \"Action\": \"sts:AssumeRole\",\n      \"Principal\": {\n        \"Service\": \"ecs-tasks.amazonaws.com\"\n      }\n    }\n  ]\n}",
            "override_json": null,
            "override_policy_documents": null,
            "policy_id": null,
            "source_json": null,
            "source_policy_documents": null,
            "statement": [
              {
                "actions": [
                  "sts:AssumeRole"
                ],
                "condition": [],
                "effect": "Allow",
                "not_actions": [],
                "not_principals": [],
                "not_resources": [],
                "principals": [
                  {
                    "identifiers": [
                      "ecs-tasks.amazonaws.com"
                    ],
                    "type": "Service"
                  }
                ],
                "resources": [],
                "sid": "ECSTrustPolicy"
              }
            ],
            "version": "2012-10-17"
          },
          "sensitive_attributes": []
        }
      ]
    },
    {
      "mode": "data",
      "type": "aws_ssm_parameter",
      "name": "app_target_group_arn",
      "provider": "provider[\"registry.terraform.io/hashicorp/aws\"]",
      "instances": [
        {
          "schema_version": 0,
          "attributes": {
            "arn": "arn:aws:ssm:us-east-1:347554562486:parameter/timing/app/app_target_group_arns",
            "id": "/timing/app/app_target_group_arns",
            "name": "/timing/app/app_target_group_arns",
            "type": "StringList",
            "value": "arn:aws:elasticloadbalancing:us-east-1:347554562486:targetgroup/app-20230526073316870000000004/271f486475ae0f16",
            "version": 1,
            "with_decryption": true
          },
          "sensitive_attributes": []
        }
      ]
    },
    {
      "mode": "data",
      "type": "aws_ssm_parameter",
      "name": "ecs_cluster_id",
      "provider": "provider[\"registry.terraform.io/hashicorp/aws\"]",
      "instances": [
        {
          "schema_version": 0,
          "attributes": {
            "arn": "arn:aws:ssm:us-east-1:347554562486:parameter/timing/ecs/ecs_cluster_id",
            "id": "/timing/ecs/ecs_cluster_id",
            "name": "/timing/ecs/ecs_cluster_id",
            "type": "String",
            "value": "arn:aws:ecs:us-east-1:347554562486:cluster/timing",
            "version": 1,
            "with_decryption": true
          },
          "sensitive_attributes": []
        }
      ]
    },
    {
      "mode": "data",
      "type": "aws_ssm_parameter",
      "name": "private_subnet_ids",
      "provider": "provider[\"registry.terraform.io/hashicorp/aws\"]",
      "instances": [
        {
          "schema_version": 0,
          "attributes": {
            "arn": "arn:aws:ssm:us-east-1:347554562486:parameter/timing/vpc/private_subnet_ids",
            "id": "/timing/vpc/private_subnet_ids",
            "name": "/timing/vpc/private_subnet_ids",
            "type": "StringList",
            "value": "subnet-04fa2e47ca35821e1,subnet-0509455945f64e8f5",
            "version": 1,
            "with_decryption": true
          },
          "sensitive_attributes": []
        }
      ]
    },
    {
      "mode": "data",
      "type": "aws_ssm_parameter",
      "name": "rds_endpoint",
      "provider": "provider[\"registry.terraform.io/hashicorp/aws\"]",
      "instances": [
        {
          "schema_version": 0,
          "attributes": {
            "arn": "arn:aws:ssm:us-east-1:347554562486:parameter/timing/rds/rds_endpoint",
            "id": "/timing/rds/rds_endpoint",
            "name": "/timing/rds/rds_endpoint",
            "type": "String",
            "value": "timing.cfcovojowsv8.us-east-1.rds.amazonaws.com:5432",
            "version": 1,
            "with_decryption": true
          },
          "sensitive_attributes": []
        }
      ]
    },
    {
      "mode": "data",
      "type": "aws_ssm_parameter",
      "name": "rds_secret_srn",
      "provider": "provider[\"registry.terraform.io/hashicorp/aws\"]",
      "instances": [
        {
          "schema_version": 0,
          "attributes": {
            "arn": "arn:aws:ssm:us-east-1:347554562486:parameter/timing/rds/rds_secret_srn",
            "id": "/timing/rds/rds_secret_srn",
            "name": "/timing/rds/rds_secret_srn",
            "type": "String",
            "value": "arn:aws:secretsmanager:us-east-1:347554562486:secret:timing/rds-password-secret-uuixGE",
            "version": 1,
            "with_decryption": true
          },
          "sensitive_attributes": []
        }
      ]
    },
    {
      "mode": "data",
      "type": "aws_ssm_parameter",
      "name": "vpc_id",
      "provider": "provider[\"registry.terraform.io/hashicorp/aws\"]",
      "instances": [
        {
          "schema_version": 0,
          "attributes": {
            "arn": "arn:aws:ssm:us-east-1:347554562486:parameter/timing/vpc/vpc_id",
            "id": "/timing/vpc/vpc_id",
            "name": "/timing/vpc/vpc_id",
            "type": "String",
            "value": "vpc-01faf36dc9d02f7d5",
            "version": 1,
            "with_decryption": true
          },
          "sensitive_attributes": []
        }
      ]
    },
    {
      "mode": "managed",
      "type": "aws_cloudwatch_log_group",
      "name": "api",
      "provider": "provider[\"registry.terraform.io/hashicorp/aws\"]",
      "instances": [
        {
          "schema_version": 0,
          "attributes": {
            "arn": "arn:aws:logs:us-east-1:347554562486:log-group:timing/ecs/api",
            "id": "timing/ecs/api",
            "kms_key_id": "",
            "name": "timing/ecs/api",
            "name_prefix": "",
            "retention_in_days": 0,
            "skip_destroy": false,
            "tags": {
              "Environment": "dev",
              "Name": "timing-api-backend",
              "Terraform": "true"
            },
            "tags_all": {
              "Environment": "dev",
              "Name": "timing-api-backend",
              "Terraform": "true"
            }
          },
          "sensitive_attributes": [],
          "private": "bnVsbA=="
        }
      ]
    },
    {
      "mode": "managed",
      "type": "aws_ecs_service",
      "name": "api",
      "provider": "provider[\"registry.terraform.io/hashicorp/aws\"]",
      "instances": [
        {
          "schema_version": 0,
          "attributes": {
            "alarms": [],
            "capacity_provider_strategy": [],
            "cluster": "arn:aws:ecs:us-east-1:347554562486:cluster/timing",
            "deployment_circuit_breaker": [
              {
                "enable": false,
                "rollback": false
              }
            ],
            "deployment_controller": [
              {
                "type": "ECS"
              }
            ],
            "deployment_maximum_percent": 200,
            "deployment_minimum_healthy_percent": 100,
            "desired_count": 2,
            "enable_ecs_managed_tags": false,
            "enable_execute_command": false,
            "force_new_deployment": null,
            "health_check_grace_period_seconds": 0,
            "iam_role": "/aws-service-role/ecs.amazonaws.com/AWSServiceRoleForECS",
            "id": "arn:aws:ecs:us-east-1:347554562486:service/timing/timing-api-backend",
            "launch_type": "FARGATE",
            "load_balancer": [
              {
                "container_name": "api-ecs",
                "container_port": 3000,
                "elb_name": "",
                "target_group_arn": "arn:aws:elasticloadbalancing:us-east-1:347554562486:targetgroup/app-20230526073316870000000004/271f486475ae0f16"
              }
            ],
            "name": "timing-api-backend",
            "network_configuration": [
              {
                "assign_public_ip": false,
                "security_groups": [
                  "sg-050558ed622f3beeb"
                ],
                "subnets": [
                  "subnet-04fa2e47ca35821e1",
                  "subnet-0509455945f64e8f5"
                ]
              }
            ],
            "ordered_placement_strategy": [],
            "placement_constraints": [],
            "platform_version": "LATEST",
            "propagate_tags": "NONE",
            "scheduling_strategy": "REPLICA",
            "service_connect_configuration": [],
            "service_registries": [],
            "tags": {},
            "tags_all": {},
            "task_definition": "arn:aws:ecs:us-east-1:347554562486:task-definition/timing-api-backend:8",
            "timeouts": null,
            "triggers": {},
            "wait_for_steady_state": false
          },
          "sensitive_attributes": [
            [
              {
                "type": "get_attr",
                "value": "load_balancer"
              }
            ],
            [
              {
                "type": "get_attr",
                "value": "cluster"
              }
            ],
            [
              {
                "type": "get_attr",
                "value": "network_configuration"
              },
              {
                "type": "index",
                "value": {
                  "value": 0,
                  "type": "number"
                }
              },
              {
                "type": "get_attr",
                "value": "subnets"
              }
            ]
          ],
          "private": "eyJlMmJmYjczMC1lY2FhLTExZTYtOGY4OC0zNDM2M2JjN2M0YzAiOnsiY3JlYXRlIjoxMjAwMDAwMDAwMDAwLCJkZWxldGUiOjEyMDAwMDAwMDAwMDAsInVwZGF0ZSI6MTIwMDAwMDAwMDAwMH19",
          "dependencies": [
            "aws_cloudwatch_log_group.api",
            "aws_ecs_task_definition.api",
            "aws_iam_role.api_role-task",
            "aws_iam_role.api_role_task_execution",
            "aws_security_group.api_ecs",
            "data.aws_iam_policy_document.ecs-trust",
            "data.aws_ssm_parameter.app_target_group_arn",
            "data.aws_ssm_parameter.ecs_cluster_id",
            "data.aws_ssm_parameter.private_subnet_ids",
            "data.aws_ssm_parameter.rds_endpoint",
            "data.aws_ssm_parameter.rds_secret_srn",
            "data.aws_ssm_parameter.vpc_id"
          ]
        }
      ]
    },
    {
      "mode": "managed",
      "type": "aws_ecs_task_definition",
      "name": "api",
      "provider": "provider[\"registry.terraform.io/hashicorp/aws\"]",
      "instances": [
        {
          "schema_version": 1,
          "attributes": {
            "arn": "arn:aws:ecs:us-east-1:347554562486:task-definition/timing-api-backend:8",
            "arn_without_revision": "arn:aws:ecs:us-east-1:347554562486:task-definition/timing-api-backend",
            "container_definitions": "[{\"cpu\":0,\"environment\":[{\"name\":\"DB\",\"value\":\"timing\"},{\"name\":\"DBHOST\",\"value\":\"timing.cfcovojowsv8.us-east-1.rds.amazonaws.com\"},{\"name\":\"DBPORT\",\"value\":\"5432\"},{\"name\":\"DBUSER\",\"value\":\"phani\"},{\"name\":\"PORT\",\"value\":\"3000\"}],\"essential\":true,\"image\":\"347554562486.dkr.ecr.us-east-1.amazonaws.com/node-app-backend:latest\",\"logConfiguration\":{\"logDriver\":\"awslogs\",\"options\":{\"awslogs-group\":\"timing/ecs/api\",\"awslogs-region\":\"us-east-1\",\"awslogs-stream-prefix\":\"ecs-api\"}},\"mountPoints\":[],\"name\":\"api-ecs\",\"portMappings\":[{\"containerPort\":3000,\"hostPort\":3000,\"protocol\":\"tcp\"}],\"secrets\":[{\"name\":\"DBPASS\",\"valueFrom\":\"arn:aws:secretsmanager:us-east-1:347554562486:secret:timing/rds-password-secret-uuixGE\"}],\"volumesFrom\":[]}]",
            "cpu": "1024",
            "ephemeral_storage": [],
            "execution_role_arn": "arn:aws:iam::347554562486:role/timing-api-backend-task-execution",
            "family": "timing-api-backend",
            "id": "timing-api-backend",
            "inference_accelerator": [],
            "ipc_mode": "",
            "memory": "2048",
            "network_mode": "awsvpc",
            "pid_mode": "",
            "placement_constraints": [],
            "proxy_configuration": [],
            "requires_compatibilities": [
              "FARGATE"
            ],
            "revision": 8,
            "runtime_platform": [],
            "skip_destroy": false,
            "tags": {},
            "tags_all": {},
            "task_role_arn": "arn:aws:iam::347554562486:role/timing-api-backend-task",
            "volume": []
          },
          "sensitive_attributes": [
            [
              {
                "type": "get_attr",
                "value": "container_definitions"
              }
            ]
          ],
          "private": "eyJzY2hlbWFfdmVyc2lvbiI6IjEifQ==",
          "dependencies": [
            "aws_cloudwatch_log_group.api",
            "aws_iam_role.api_role-task",
            "aws_iam_role.api_role_task_execution",
            "data.aws_iam_policy_document.ecs-trust",
            "data.aws_ssm_parameter.rds_endpoint",
            "data.aws_ssm_parameter.rds_secret_srn"
          ]
        }
      ]
    },
    {
      "mode": "managed",
      "type": "aws_iam_role",
      "name": "api_role-task",
      "provider": "provider[\"registry.terraform.io/hashicorp/aws\"]",
      "instances": [
        {
          "schema_version": 0,
          "attributes": {
            "arn": "arn:aws:iam::347554562486:role/timing-api-backend-task",
            "assume_role_policy": "{\"Statement\":[{\"Action\":\"sts:AssumeRole\",\"Effect\":\"Allow\",\"Principal\":{\"Service\":\"ecs-tasks.amazonaws.com\"},\"Sid\":\"ECSTrustPolicy\"}],\"Version\":\"2012-10-17\"}",
            "create_date": "2023-05-26T07:37:22Z",
            "description": "",
            "force_detach_policies": false,
            "id": "timing-api-backend-task",
            "inline_policy": [],
            "managed_policy_arns": [],
            "max_session_duration": 3600,
            "name": "timing-api-backend-task",
            "name_prefix": "",
            "path": "/",
            "permissions_boundary": null,
            "role_last_used": [
              {
                "last_used_date": "",
                "region": ""
              }
            ],
            "tags": {
              "Environment": "dev",
              "Name": "timing-api-backend",
              "Terraform": "true"
            },
            "tags_all": {
              "Environment": "dev",
              "Name": "timing-api-backend",
              "Terraform": "true"
            },
            "unique_id": "AROAVB265YG3ADW4Q6VMB"
          },
          "sensitive_attributes": [],
          "private": "bnVsbA==",
          "dependencies": [
            "data.aws_iam_policy_document.ecs-trust"
          ]
        }
      ]
    },
    {
      "mode": "managed",
      "type": "aws_iam_role",
      "name": "api_role_task_execution",
      "provider": "provider[\"registry.terraform.io/hashicorp/aws\"]",
      "instances": [
        {
          "schema_version": 0,
          "attributes": {
            "arn": "arn:aws:iam::347554562486:role/timing-api-backend-task-execution",
            "assume_role_policy": "{\"Statement\":[{\"Action\":\"sts:AssumeRole\",\"Effect\":\"Allow\",\"Principal\":{\"Service\":\"ecs-tasks.amazonaws.com\"},\"Sid\":\"ECSTrustPolicy\"}],\"Version\":\"2012-10-17\"}",
            "create_date": "2023-05-26T07:37:22Z",
            "description": "",
            "force_detach_policies": false,
            "id": "timing-api-backend-task-execution",
            "inline_policy": [],
            "managed_policy_arns": [
              "arn:aws:iam::347554562486:policy/timing-api-backend-task-execution",
              "arn:aws:iam::aws:policy/service-role/AmazonECSTaskExecutionRolePolicy"
            ],
            "max_session_duration": 3600,
            "name": "timing-api-backend-task-execution",
            "name_prefix": "",
            "path": "/",
            "permissions_boundary": null,
            "role_last_used": [
              {
                "last_used_date": "2023-05-26T08:25:23Z",
                "region": "us-east-1"
              }
            ],
            "tags": {
              "Environment": "dev",
              "Name": "timing-api-backend",
              "Terraform": "true"
            },
            "tags_all": {
              "Environment": "dev",
              "Name": "timing-api-backend",
              "Terraform": "true"
            },
            "unique_id": "AROAVB265YG3KECUDVMEL"
          },
          "sensitive_attributes": [],
          "private": "bnVsbA==",
          "dependencies": [
            "data.aws_iam_policy_document.ecs-trust"
          ]
        }
      ]
    },
    {
      "mode": "managed",
      "type": "aws_security_group",
      "name": "api_ecs",
      "provider": "provider[\"registry.terraform.io/hashicorp/aws\"]",
      "instances": [
        {
          "schema_version": 1,
          "attributes": {
            "arn": "arn:aws:ec2:us-east-1:347554562486:security-group/sg-050558ed622f3beeb",
            "description": "This will only allow traffic from API ALB",
            "egress": [
              {
                "cidr_blocks": [
                  "0.0.0.0/0"
                ],
                "description": "",
                "from_port": 0,
                "ipv6_cidr_blocks": [
                  "::/0"
                ],
                "prefix_list_ids": [],
                "protocol": "-1",
                "security_groups": [],
                "self": false,
                "to_port": 0
              }
            ],
            "id": "sg-050558ed622f3beeb",
            "ingress": [
              {
                "cidr_blocks": [],
                "description": "",
                "from_port": 3000,
                "ipv6_cidr_blocks": [],
                "prefix_list_ids": [],
                "protocol": "tcp",
                "security_groups": [
                  "sg-062989956b305d928"
                ],
                "self": false,
                "to_port": 3000
              }
            ],
            "name": "timing-ecs-api",
            "name_prefix": "",
            "owner_id": "347554562486",
            "revoke_rules_on_delete": false,
            "tags": {},
            "tags_all": {},
            "timeouts": null,
            "vpc_id": "vpc-01faf36dc9d02f7d5"
          },
          "sensitive_attributes": [
            [
              {
                "type": "get_attr",
                "value": "vpc_id"
              }
            ]
          ],
          "private": "eyJlMmJmYjczMC1lY2FhLTExZTYtOGY4OC0zNDM2M2JjN2M0YzAiOnsiY3JlYXRlIjo2MDAwMDAwMDAwMDAsImRlbGV0ZSI6OTAwMDAwMDAwMDAwfSwic2NoZW1hX3ZlcnNpb24iOiIxIn0=",
          "dependencies": [
            "data.aws_ssm_parameter.vpc_id"
          ]
        }
      ]
    }
  ],
  "check_results": null
}
