{
  "version": 4,
  "terraform_version": "1.4.2",
  "serial": 103,
  "lineage": "94562af4-bdbc-b03b-5158-764c351de151",
  "outputs": {
    "rds_endpoint": {
      "value": "timing.cfcovojowsv8.us-east-1.rds.amazonaws.com:3306",
      "type": "string",
      "sensitive": true
    },
    "rds_secret_srn": {
      "value": "arn:aws:secretsmanager:us-east-1:347554562486:secret:timing/rds-password-secret-uuixGE",
      "type": "string",
      "sensitive": true
    }
  },
  "resources": [
    {
      "mode": "data",
      "type": "aws_iam_policy_document",
      "name": "ecs-trust",
      "provider": "provider[\"registry.terraform.io/hashicorp/aws\"]",
      "instances": [
        {
          "schema_version": 0,
          "attributes": {
            "id": "2692345412",
            "json": "{\n  \"Version\": \"2012-10-17\",\n  \"Statement\": [\n    {\n      \"Sid\": \"ECSTrustPolicy\",\n      \"Effect\": \"Allow\",\n      \"Action\": \"sts:AssumeRole\",\n      \"Principal\": {\n        \"Service\": \"ecs-tasks.amazonaws.com\"\n      }\n    }\n  ]\n}",
            "override_json": null,
            "override_policy_documents": null,
            "policy_id": null,
            "source_json": null,
            "source_policy_documents": null,
            "statement": [
              {
                "actions": [
                  "sts:AssumeRole"
                ],
                "condition": [],
                "effect": "Allow",
                "not_actions": [],
                "not_principals": [],
                "not_resources": [],
                "principals": [
                  {
                    "identifiers": [
                      "ecs-tasks.amazonaws.com"
                    ],
                    "type": "Service"
                  }
                ],
                "resources": [],
                "sid": "ECSTrustPolicy"
              }
            ],
            "version": "2012-10-17"
          },
          "sensitive_attributes": []
        }
      ]
    },
    {
      "mode": "data",
      "type": "aws_iam_policy_document",
      "name": "rds_secret",
      "provider": "provider[\"registry.terraform.io/hashicorp/aws\"]",
      "instances": [
        {
          "schema_version": 0,
          "attributes": {
            "id": "1084565360",
            "json": "{\n  \"Version\": \"2012-10-17\",\n  \"Statement\": [\n    {\n      \"Sid\": \"AllowECStoAccessRDSSecret\",\n      \"Effect\": \"Allow\",\n      \"Action\": \"secretsmanager:GetSecretValue\",\n      \"Resource\": \"arn:aws:secretsmanager:us-east-1:347554562486:secret:timing/rds-password-secret-uuixGE\"\n    }\n  ]\n}",
            "override_json": null,
            "override_policy_documents": null,
            "policy_id": null,
            "source_json": null,
            "source_policy_documents": null,
            "statement": [
              {
                "actions": [
                  "secretsmanager:GetSecretValue"
                ],
                "condition": [],
                "effect": "Allow",
                "not_actions": [],
                "not_principals": [],
                "not_resources": [],
                "principals": [],
                "resources": [
                  "arn:aws:secretsmanager:us-east-1:347554562486:secret:timing/rds-password-secret-uuixGE"
                ],
                "sid": "AllowECStoAccessRDSSecret"
              }
            ],
            "version": "2012-10-17"
          },
          "sensitive_attributes": [
            [
              {
                "type": "get_attr",
                "value": "statement"
              },
              {
                "type": "index",
                "value": {
                  "value": 0,
                  "type": "number"
                }
              },
              {
                "type": "get_attr",
                "value": "resources"
              }
            ]
          ]
        }
      ]
    },
    {
      "mode": "data",
      "type": "aws_ssm_parameter",
      "name": "app_alb_security_group_id",
      "provider": "provider[\"registry.terraform.io/hashicorp/aws\"]",
      "instances": [
        {
          "schema_version": 0,
          "attributes": {
            "arn": "arn:aws:ssm:us-east-1:347554562486:parameter/timing/vpc/app_alb_security_group_id",
            "id": "/timing/vpc/app_alb_security_group_id",
            "name": "/timing/vpc/app_alb_security_group_id",
            "type": "String",
            "value": "sg-087d52fe2fc5c8505",
            "version": 1,
            "with_decryption": true
          },
          "sensitive_attributes": []
        }
      ]
    },
    {
      "mode": "data",
      "type": "aws_ssm_parameter",
      "name": "rds_endpoint",
      "provider": "provider[\"registry.terraform.io/hashicorp/aws\"]",
      "instances": [
        {
          "schema_version": 0,
          "attributes": {
            "arn": "arn:aws:ssm:us-east-1:347554562486:parameter/timing/rds/rds_endpoint",
            "id": "/timing/rds/rds_endpoint",
            "name": "/timing/rds/rds_endpoint",
            "type": "String",
            "value": "timing.cfcovojowsv8.us-east-1.rds.amazonaws.com:3306",
            "version": 1,
            "with_decryption": true
          },
          "sensitive_attributes": []
        }
      ]
    },
    {
      "mode": "data",
      "type": "aws_ssm_parameter",
      "name": "rds_secret_srn",
      "provider": "provider[\"registry.terraform.io/hashicorp/aws\"]",
      "instances": [
        {
          "schema_version": 0,
          "attributes": {
            "arn": "arn:aws:ssm:us-east-1:347554562486:parameter/timing/rds/rds_secret_srn",
            "id": "/timing/rds/rds_secret_srn",
            "name": "/timing/rds/rds_secret_srn",
            "type": "String",
            "value": "arn:aws:secretsmanager:us-east-1:347554562486:secret:timing/rds-password-secret-uuixGE",
            "version": 1,
            "with_decryption": true
          },
          "sensitive_attributes": []
        }
      ]
    },
    {
      "mode": "data",
      "type": "aws_ssm_parameter",
      "name": "vpc_id",
      "provider": "provider[\"registry.terraform.io/hashicorp/aws\"]",
      "instances": [
        {
          "schema_version": 0,
          "attributes": {
            "arn": "arn:aws:ssm:us-east-1:347554562486:parameter/timing/vpc/vpc_id",
            "id": "/timing/vpc/vpc_id",
            "name": "/timing/vpc/vpc_id",
            "type": "String",
            "value": "vpc-0a21b33484c33faff",
            "version": 1,
            "with_decryption": true
          },
          "sensitive_attributes": []
        }
      ]
    },
    {
      "mode": "managed",
      "type": "aws_ecs_task_definition",
      "name": "api",
      "provider": "provider[\"registry.terraform.io/hashicorp/aws\"]",
      "instances": [
        {
          "schema_version": 1,
          "attributes": {
            "arn": "arn:aws:ecs:us-east-1:347554562486:task-definition/timing-api-backend:1",
            "arn_without_revision": "arn:aws:ecs:us-east-1:347554562486:task-definition/timing-api-backend",
            "container_definitions": "[{\"cpu\":0,\"environment\":[{\"name\":\"DB\",\"value\":\"timing\"},{\"name\":\"DBHOST\",\"value\":\"timing.cfcovojowsv8.us-east-1.rds.amazonaws.com:3306\"},{\"name\":\"DBPORT\",\"value\":\"3306\"},{\"name\":\"DBUSER\",\"value\":\"phani\"},{\"name\":\"PORT\",\"value\":\"3000\"}],\"essential\":true,\"image\":\"347554562486.dkr.ecr.us-east-1.amazonaws.com/node-app-backend:latest\",\"mountPoints\":[],\"name\":\"api-ecs\",\"portMappings\":[{\"containerPort\":3000,\"hostPort\":3000,\"protocol\":\"tcp\"}],\"secrets\":[{\"name\":\"DBPASS\",\"valueFrom\":\"arn:aws:secretsmanager:us-east-1:347554562486:secret:timing/rds-password-secret-uuixGE\"}],\"volumesFrom\":[]}]",
            "cpu": "1024",
            "ephemeral_storage": [],
            "execution_role_arn": "arn:aws:iam::347554562486:role/timing-api-backend-task-execution",
            "family": "timing-api-backend",
            "id": "timing-api-backend",
            "inference_accelerator": [],
            "ipc_mode": "",
            "memory": "2048",
            "network_mode": "awsvpc",
            "pid_mode": "",
            "placement_constraints": [],
            "proxy_configuration": [],
            "requires_compatibilities": [
              "FARGATE"
            ],
            "revision": 1,
            "runtime_platform": [],
            "skip_destroy": false,
            "tags": null,
            "tags_all": {},
            "task_role_arn": "arn:aws:iam::347554562486:role/timing-api-backend-task",
            "volume": []
          },
          "sensitive_attributes": [
            [
              {
                "type": "get_attr",
                "value": "container_definitions"
              }
            ]
          ],
          "private": "eyJzY2hlbWFfdmVyc2lvbiI6IjEifQ==",
          "dependencies": [
            "aws_iam_role.api_role-task",
            "aws_iam_role.api_role_task_execution",
            "data.aws_ssm_parameter.rds_endpoint",
            "data.aws_ssm_parameter.rds_secret_srn"
          ]
        }
      ]
    },
    {
      "mode": "managed",
      "type": "aws_iam_policy",
      "name": "api_role_task_execution",
      "provider": "provider[\"registry.terraform.io/hashicorp/aws\"]",
      "instances": [
        {
          "schema_version": 0,
          "attributes": {
            "arn": "arn:aws:iam::347554562486:policy/timing-api-backend-task-execution",
            "description": "This policy is going to be attached for task execution role",
            "id": "arn:aws:iam::347554562486:policy/timing-api-backend-task-execution",
            "name": "timing-api-backend-task-execution",
            "name_prefix": "",
            "path": "/",
            "policy": "{\"Statement\":[{\"Action\":\"secretsmanager:GetSecretValue\",\"Effect\":\"Allow\",\"Resource\":\"arn:aws:secretsmanager:us-east-1:347554562486:secret:timing/rds-password-secret-uuixGE\",\"Sid\":\"AllowECStoAccessRDSSecret\"}],\"Version\":\"2012-10-17\"}",
            "policy_id": "ANPAVB265YG3FXYJFNZQI",
            "tags": {},
            "tags_all": {}
          },
          "sensitive_attributes": [],
          "private": "bnVsbA==",
          "dependencies": [
            "data.aws_iam_policy_document.rds_secret",
            "data.aws_ssm_parameter.rds_secret_srn"
          ]
        }
      ]
    },
    {
      "mode": "managed",
      "type": "aws_iam_role",
      "name": "api_role-task",
      "provider": "provider[\"registry.terraform.io/hashicorp/aws\"]",
      "instances": [
        {
          "schema_version": 0,
          "attributes": {
            "arn": "arn:aws:iam::347554562486:role/timing-api-backend-task",
            "assume_role_policy": "{\"Statement\":[{\"Action\":\"sts:AssumeRole\",\"Effect\":\"Allow\",\"Principal\":{\"Service\":\"ecs-tasks.amazonaws.com\"},\"Sid\":\"ECSTrustPolicy\"}],\"Version\":\"2012-10-17\"}",
            "create_date": "2023-05-23T10:48:17Z",
            "description": "",
            "force_detach_policies": false,
            "id": "timing-api-backend-task",
            "inline_policy": [],
            "managed_policy_arns": [],
            "max_session_duration": 3600,
            "name": "timing-api-backend-task",
            "name_prefix": "",
            "path": "/",
            "permissions_boundary": null,
            "role_last_used": [
              {
                "last_used_date": "",
                "region": ""
              }
            ],
            "tags": {
              "Environment": "dev",
              "Name": "timing-api-backend",
              "Terraform": "true"
            },
            "tags_all": {
              "Environment": "dev",
              "Name": "timing-api-backend",
              "Terraform": "true"
            },
            "unique_id": "AROAVB265YG3PWA5JM4VF"
          },
          "sensitive_attributes": [],
          "private": "bnVsbA==",
          "dependencies": [
            "data.aws_iam_policy_document.ecs-trust"
          ]
        }
      ]
    },
    {
      "mode": "managed",
      "type": "aws_iam_role",
      "name": "api_role_task_execution",
      "provider": "provider[\"registry.terraform.io/hashicorp/aws\"]",
      "instances": [
        {
          "schema_version": 0,
          "attributes": {
            "arn": "arn:aws:iam::347554562486:role/timing-api-backend-task-execution",
            "assume_role_policy": "{\"Statement\":[{\"Action\":\"sts:AssumeRole\",\"Effect\":\"Allow\",\"Principal\":{\"Service\":\"ecs-tasks.amazonaws.com\"},\"Sid\":\"ECSTrustPolicy\"}],\"Version\":\"2012-10-17\"}",
            "create_date": "2023-05-23T10:48:17Z",
            "description": "",
            "force_detach_policies": false,
            "id": "timing-api-backend-task-execution",
            "inline_policy": [],
            "managed_policy_arns": [
              "arn:aws:iam::347554562486:policy/timing-api-backend-task-execution",
              "arn:aws:iam::aws:policy/service-role/AmazonECSTaskExecutionRolePolicy"
            ],
            "max_session_duration": 3600,
            "name": "timing-api-backend-task-execution",
            "name_prefix": "",
            "path": "/",
            "permissions_boundary": null,
            "role_last_used": [
              {
                "last_used_date": "",
                "region": ""
              }
            ],
            "tags": {
              "Environment": "dev",
              "Name": "timing-api-backend",
              "Terraform": "true"
            },
            "tags_all": {
              "Environment": "dev",
              "Name": "timing-api-backend",
              "Terraform": "true"
            },
            "unique_id": "AROAVB265YG3J5V6WCQL4"
          },
          "sensitive_attributes": [],
          "private": "bnVsbA==",
          "dependencies": [
            "data.aws_iam_policy_document.ecs-trust"
          ]
        }
      ]
    },
    {
      "mode": "managed",
      "type": "aws_iam_role_policy_attachment",
      "name": "api_role_policy",
      "provider": "provider[\"registry.terraform.io/hashicorp/aws\"]",
      "instances": [
        {
          "schema_version": 0,
          "attributes": {
            "id": "timing-api-backend-task-execution-20230523104821157600000001",
            "policy_arn": "arn:aws:iam::347554562486:policy/timing-api-backend-task-execution",
            "role": "timing-api-backend-task-execution"
          },
          "sensitive_attributes": [],
          "private": "bnVsbA==",
          "dependencies": [
            "aws_iam_policy.api_role_task_execution",
            "aws_iam_role.api_role_task_execution",
            "data.aws_iam_policy_document.ecs-trust",
            "data.aws_iam_policy_document.rds_secret",
            "data.aws_ssm_parameter.rds_secret_srn"
          ]
        }
      ]
    },
    {
      "mode": "managed",
      "type": "aws_iam_role_policy_attachment",
      "name": "ecr_pull",
      "provider": "provider[\"registry.terraform.io/hashicorp/aws\"]",
      "instances": [
        {
          "schema_version": 0,
          "attributes": {
            "id": "timing-api-backend-task-execution-20230523104821223100000002",
            "policy_arn": "arn:aws:iam::aws:policy/service-role/AmazonECSTaskExecutionRolePolicy",
            "role": "timing-api-backend-task-execution"
          },
          "sensitive_attributes": [],
          "private": "bnVsbA==",
          "dependencies": [
            "aws_iam_role.api_role_task_execution",
            "data.aws_iam_policy_document.ecs-trust"
          ]
        }
      ]
    },
    {
      "mode": "managed",
      "type": "aws_security_group",
      "name": "api_ecs",
      "provider": "provider[\"registry.terraform.io/hashicorp/aws\"]",
      "instances": [
        {
          "schema_version": 1,
          "attributes": {
            "arn": "arn:aws:ec2:us-east-1:347554562486:security-group/sg-0c3e5f68732e1f31a",
            "description": "This will only allow traffic from API ALB",
            "egress": [
              {
                "cidr_blocks": [
                  "0.0.0.0/0"
                ],
                "description": "",
                "from_port": 0,
                "ipv6_cidr_blocks": [
                  "::/0"
                ],
                "prefix_list_ids": [],
                "protocol": "-1",
                "security_groups": [],
                "self": false,
                "to_port": 0
              }
            ],
            "id": "sg-0c3e5f68732e1f31a",
            "ingress": [
              {
                "cidr_blocks": [],
                "description": "",
                "from_port": 3000,
                "ipv6_cidr_blocks": [],
                "prefix_list_ids": [],
                "protocol": "tcp",
                "security_groups": [
                  "sg-087d52fe2fc5c8505"
                ],
                "self": false,
                "to_port": 3000
              }
            ],
            "name": "timing-ecs-api",
            "name_prefix": "",
            "owner_id": "347554562486",
            "revoke_rules_on_delete": false,
            "tags": {},
            "tags_all": {},
            "timeouts": null,
            "vpc_id": "vpc-0a21b33484c33faff"
          },
          "sensitive_attributes": [
            [
              {
                "type": "get_attr",
                "value": "vpc_id"
              }
            ]
          ],
          "private": "eyJlMmJmYjczMC1lY2FhLTExZTYtOGY4OC0zNDM2M2JjN2M0YzAiOnsiY3JlYXRlIjo2MDAwMDAwMDAwMDAsImRlbGV0ZSI6OTAwMDAwMDAwMDAwfSwic2NoZW1hX3ZlcnNpb24iOiIxIn0=",
          "dependencies": [
            "data.aws_ssm_parameter.vpc_id"
          ]
        }
      ]
    },
    {
      "mode": "managed",
      "type": "aws_security_group_rule",
      "name": "example",
      "provider": "provider[\"registry.terraform.io/hashicorp/aws\"]",
      "instances": [
        {
          "schema_version": 2,
          "attributes": {
            "cidr_blocks": null,
            "description": "",
            "from_port": 3000,
            "id": "sgrule-3016055685",
            "ipv6_cidr_blocks": null,
            "prefix_list_ids": null,
            "protocol": "tcp",
            "security_group_id": "sg-0c3e5f68732e1f31a",
            "security_group_rule_id": "sgr-049a84e0c4453d616",
            "self": false,
            "source_security_group_id": "sg-087d52fe2fc5c8505",
            "timeouts": null,
            "to_port": 3000,
            "type": "ingress"
          },
          "sensitive_attributes": [
            [
              {
                "type": "get_attr",
                "value": "source_security_group_id"
              }
            ]
          ],
          "private": "eyJlMmJmYjczMC1lY2FhLTExZTYtOGY4OC0zNDM2M2JjN2M0YzAiOnsiY3JlYXRlIjozMDAwMDAwMDAwMDB9LCJzY2hlbWFfdmVyc2lvbiI6IjIifQ==",
          "dependencies": [
            "aws_security_group.api_ecs",
            "data.aws_ssm_parameter.app_alb_security_group_id",
            "data.aws_ssm_parameter.vpc_id"
          ]
        }
      ]
    }
  ],
  "check_results": null
}
